{
    "name": "mmmarduport",
    "version": "1.0.0",
    "lockfileVersion": 1,
    "requires": true,
    "dependencies": {
        "python-shell": {
            "version": "1.0.6",
            "resolved": "https://registry.npmjs.org/python-shell/-/python-shell-1.0.6.tgz",
            "integrity": "sha512-SVjW0Kr13LUj9Tc7Yx7w6kO2bL3gq521Ky5hW0lv8hdJwa1oP2anQlUQWm8ZSKtmHqDNl5F7TqCH2pk5zo9/5g=="
        }
    }
}
